// !$*UTF8*$!
{
	archiveVersion = 1;
	classes = {
	};
	objectVersion = 56;
	objects = {

/* Begin PBXBuildFile section */
		4B091B012A20CF9A00966381 /* CustomDisneyCell.swift in Sources */ = {isa = PBXBuildFile; fileRef = 4B091B002A20CF9A00966381 /* CustomDisneyCell.swift */; };
		4B8FFD422A1FE72600A7CEE6 /* DisneyViewModelStorage.swift in Sources */ = {isa = PBXBuildFile; fileRef = 4B8FFD412A1FE72600A7CEE6 /* DisneyViewModelStorage.swift */; };
		4BBF2C172A1D611C007BB8A8 /* DisneyModel.swift in Sources */ = {isa = PBXBuildFile; fileRef = 4BBF2C162A1D611C007BB8A8 /* DisneyModel.swift */; };
		4BBF2C192A1D624D007BB8A8 /* DisneyService.swift in Sources */ = {isa = PBXBuildFile; fileRef = 4BBF2C182A1D624D007BB8A8 /* DisneyService.swift */; };
		4BBF2C1B2A1E81C1007BB8A8 /* DisneyViewModel.swift in Sources */ = {isa = PBXBuildFile; fileRef = 4BBF2C1A2A1E81C1007BB8A8 /* DisneyViewModel.swift */; };
		4BC0E0DE2A2E746300A67DD4 /* SDWebImage in Frameworks */ = {isa = PBXBuildFile; productRef = 4BC0E0DD2A2E746300A67DD4 /* SDWebImage */; };
		4BD9BEC72A1D600200F06212 /* AppDelegate.swift in Sources */ = {isa = PBXBuildFile; fileRef = 4BD9BEC62A1D600200F06212 /* AppDelegate.swift */; };
		4BD9BEC92A1D600200F06212 /* SceneDelegate.swift in Sources */ = {isa = PBXBuildFile; fileRef = 4BD9BEC82A1D600200F06212 /* SceneDelegate.swift */; };
		4BD9BECB2A1D600200F06212 /* DisneyMainVC.swift in Sources */ = {isa = PBXBuildFile; fileRef = 4BD9BECA2A1D600200F06212 /* DisneyMainVC.swift */; };
		4BD9BED02A1D600300F06212 /* Assets.xcassets in Resources */ = {isa = PBXBuildFile; fileRef = 4BD9BECF2A1D600300F06212 /* Assets.xcassets */; };
		4BD9BED32A1D600300F06212 /* LaunchScreen.storyboard in Resources */ = {isa = PBXBuildFile; fileRef = 4BD9BED12A1D600300F06212 /* LaunchScreen.storyboard */; };
/* End PBXBuildFile section */

/* Begin PBXFileReference section */
		4B091B002A20CF9A00966381 /* CustomDisneyCell.swift */ = {isa = PBXFileReference; lastKnownFileType = sourcecode.swift; path = CustomDisneyCell.swift; sourceTree = "<group>"; };
		4B8FFD412A1FE72600A7CEE6 /* DisneyViewModelStorage.swift */ = {isa = PBXFileReference; lastKnownFileType = sourcecode.swift; path = DisneyViewModelStorage.swift; sourceTree = "<group>"; };
		4BBF2C162A1D611C007BB8A8 /* DisneyModel.swift */ = {isa = PBXFileReference; lastKnownFileType = sourcecode.swift; path = DisneyModel.swift; sourceTree = "<group>"; };
		4BBF2C182A1D624D007BB8A8 /* DisneyService.swift */ = {isa = PBXFileReference; lastKnownFileType = sourcecode.swift; path = DisneyService.swift; sourceTree = "<group>"; };
		4BBF2C1A2A1E81C1007BB8A8 /* DisneyViewModel.swift */ = {isa = PBXFileReference; lastKnownFileType = sourcecode.swift; path = DisneyViewModel.swift; sourceTree = "<group>"; };
		4BD9BEC32A1D600200F06212 /* DisneyUIkit.app */ = {isa = PBXFileReference; explicitFileType = wrapper.application; includeInIndex = 0; path = DisneyUIkit.app; sourceTree = BUILT_PRODUCTS_DIR; };
		4BD9BEC62A1D600200F06212 /* AppDelegate.swift */ = {isa = PBXFileReference; lastKnownFileType = sourcecode.swift; path = AppDelegate.swift; sourceTree = "<group>"; };
		4BD9BEC82A1D600200F06212 /* SceneDelegate.swift */ = {isa = PBXFileReference; lastKnownFileType = sourcecode.swift; path = SceneDelegate.swift; sourceTree = "<group>"; };
		4BD9BECA2A1D600200F06212 /* DisneyMainVC.swift */ = {isa = PBXFileReference; lastKnownFileType = sourcecode.swift; path = DisneyMainVC.swift; sourceTree = "<group>"; };
		4BD9BECF2A1D600300F06212 /* Assets.xcassets */ = {isa = PBXFileReference; lastKnownFileType = folder.assetcatalog; path = Assets.xcassets; sourceTree = "<group>"; };
		4BD9BED22A1D600300F06212 /* Base */ = {isa = PBXFileReference; lastKnownFileType = file.storyboard; name = Base; path = Base.lproj/LaunchScreen.storyboard; sourceTree = "<group>"; };
		4BD9BED42A1D600300F06212 /* Info.plist */ = {isa = PBXFileReference; lastKnownFileType = text.plist.xml; path = Info.plist; sourceTree = "<group>"; };
/* End PBXFileReference section */

/* Begin PBXFrameworksBuildPhase section */
		4BD9BEC02A1D600200F06212 /* Frameworks */ = {
			isa = PBXFrameworksBuildPhase;
			buildActionMask = 2147483647;
			files = (
				4BC0E0DE2A2E746300A67DD4 /* SDWebImage in Frameworks */,
			);
			runOnlyForDeploymentPostprocessing = 0;
		};
/* End PBXFrameworksBuildPhase section */

/* Begin PBXGroup section */
		4BC0E0DF2A2E875200A67DD4 /* Views */ = {
			isa = PBXGroup;
			children = (
				4B091B002A20CF9A00966381 /* CustomDisneyCell.swift */,
			);
			path = Views;
			sourceTree = "<group>";
		};
		4BD9BEBA2A1D600200F06212 = {
			isa = PBXGroup;
			children = (
				4BD9BEC52A1D600200F06212 /* DisneyUIkit */,
				4BD9BEC42A1D600200F06212 /* Products */,
			);
			sourceTree = "<group>";
		};
		4BD9BEC42A1D600200F06212 /* Products */ = {
			isa = PBXGroup;
			children = (
				4BD9BEC32A1D600200F06212 /* DisneyUIkit.app */,
			);
			name = Products;
			sourceTree = "<group>";
		};
		4BD9BEC52A1D600200F06212 /* DisneyUIkit */ = {
			isa = PBXGroup;
			children = (
				4BD9BEDD2A1D60CC00F06212 /* Service */,
				4BD9BEDA2A1D60BA00F06212 /* Model */,
				4BD9BEDC2A1D60C200F06212 /* ViewModel */,
				4BD9BEDB2A1D60BE00F06212 /* View */,
				4BC0E0DF2A2E875200A67DD4 /* Views */,
				4BD9BEC62A1D600200F06212 /* AppDelegate.swift */,
				4BD9BEC82A1D600200F06212 /* SceneDelegate.swift */,
				4BD9BECF2A1D600300F06212 /* Assets.xcassets */,
				4BD9BED12A1D600300F06212 /* LaunchScreen.storyboard */,
				4BD9BED42A1D600300F06212 /* Info.plist */,
			);
			path = DisneyUIkit;
			sourceTree = "<group>";
		};
		4BD9BEDA2A1D60BA00F06212 /* Model */ = {
			isa = PBXGroup;
			children = (
				4BBF2C162A1D611C007BB8A8 /* DisneyModel.swift */,
			);
			path = Model;
			sourceTree = "<group>";
		};
		4BD9BEDB2A1D60BE00F06212 /* View */ = {
			isa = PBXGroup;
			children = (
				4BD9BECA2A1D600200F06212 /* DisneyMainVC.swift */,
			);
			path = View;
			sourceTree = "<group>";
		};
		4BD9BEDC2A1D60C200F06212 /* ViewModel */ = {
			isa = PBXGroup;
			children = (
				4BBF2C1A2A1E81C1007BB8A8 /* DisneyViewModel.swift */,
				4B8FFD412A1FE72600A7CEE6 /* DisneyViewModelStorage.swift */,
			);
			name = ViewModel;
			sourceTree = "<group>";
		};
		4BD9BEDD2A1D60CC00F06212 /* Service */ = {
			isa = PBXGroup;
			children = (
				4BBF2C182A1D624D007BB8A8 /* DisneyService.swift */,
			);
			path = Service;
			sourceTree = "<group>";
		};
/* End PBXGroup section */

/* Begin PBXNativeTarget section */
		4BD9BEC22A1D600200F06212 /* DisneyUIkit */ = {
			isa = PBXNativeTarget;
			buildConfigurationList = 4BD9BED72A1D600300F06212 /* Build configuration list for PBXNativeTarget "DisneyUIkit" */;
			buildPhases = (
				4BD9BEBF2A1D600200F06212 /* Sources */,
				4BD9BEC02A1D600200F06212 /* Frameworks */,
				4BD9BEC12A1D600200F06212 /* Resources */,
			);
			buildRules = (
			);
			dependencies = (
			);
			name = DisneyUIkit;
			packageProductDependencies = (
				4BC0E0DD2A2E746300A67DD4 /* SDWebImage */,
			);
			productName = DisneyUIkit;
			productReference = 4BD9BEC32A1D600200F06212 /* DisneyUIkit.app */;
			productType = "com.apple.product-type.application";
		};
/* End PBXNativeTarget section */

/* Begin PBXProject section */
		4BD9BEBB2A1D600200F06212 /* Project object */ = {
			isa = PBXProject;
			attributes = {
				BuildIndependentTargetsInParallel = 1;
				LastSwiftUpdateCheck = 1420;
				LastUpgradeCheck = 1420;
				TargetAttributes = {
					4BD9BEC22A1D600200F06212 = {
						CreatedOnToolsVersion = 14.2;
					};
				};
			};
			buildConfigurationList = 4BD9BEBE2A1D600200F06212 /* Build configuration list for PBXProject "DisneyUIkit" */;
			compatibilityVersion = "Xcode 14.0";
			developmentRegion = en;
			hasScannedForEncodings = 0;
			knownRegions = (
				en,
				Base,
			);
			mainGroup = 4BD9BEBA2A1D600200F06212;
			packageReferences = (
				4BC0E0DC2A2E746300A67DD4 /* XCRemoteSwiftPackageReference "SDWebImage" */,
			);
			productRefGroup = 4BD9BEC42A1D600200F06212 /* Products */;
			projectDirPath = "";
			projectRoot = "";
			targets = (
				4BD9BEC22A1D600200F06212 /* DisneyUIkit */,
			);
		};
/* End PBXProject section */

/* Begin PBXResourcesBuildPhase section */
		4BD9BEC12A1D600200F06212 /* Resources */ = {
			isa = PBXResourcesBuildPhase;
			buildActionMask = 2147483647;
			files = (
				4BD9BED32A1D600300F06212 /* LaunchScreen.storyboard in Resources */,
				4BD9BED02A1D600300F06212 /* Assets.xcassets in Resources */,
			);
			runOnlyForDeploymentPostprocessing = 0;
		};
/* End PBXResourcesBuildPhase section */

/* Begin PBXSourcesBuildPhase section */
		4BD9BEBF2A1D600200F06212 /* Sources */ = {
			isa = PBXSourcesBuildPhase;
			buildActionMask = 2147483647;
			files = (
				4B091B012A20CF9A00966381 /* CustomDisneyCell.swift in Sources */,
				4BBF2C1B2A1E81C1007BB8A8 /* DisneyViewModel.swift in Sources */,
				4BD9BECB2A1D600200F06212 /* DisneyMainVC.swift in Sources */,
				4BBF2C172A1D611C007BB8A8 /* DisneyModel.swift in Sources */,
				4B8FFD422A1FE72600A7CEE6 /* DisneyViewModelStorage.swift in Sources */,
				4BD9BEC72A1D600200F06212 /* AppDelegate.swift in Sources */,
				4BD9BEC92A1D600200F06212 /* SceneDelegate.swift in Sources */,
				4BBF2C192A1D624D007BB8A8 /* DisneyService.swift in Sources */,
			);
			runOnlyForDeploymentPostprocessing = 0;
		};
/* End PBXSourcesBuildPhase section */

/* Begin PBXVariantGroup section */
		4BD9BED12A1D600300F06212 /* LaunchScreen.storyboard */ = {
			isa = PBXVariantGroup;
			children = (
				4BD9BED22A1D600300F06212 /* Base */,
			);
			name = LaunchScreen.storyboard;
			sourceTree = "<group>";
		};
/* End PBXVariantGroup section */

/* Begin XCBuildConfiguration section */
		4BD9BED52A1D600300F06212 /* Debug */ = {
			isa = XCBuildConfiguration;
			buildSettings = {
				ALWAYS_SEARCH_USER_PATHS = NO;
				CLANG_ANALYZER_NONNULL = YES;
				CLANG_ANALYZER_NUMBER_OBJECT_CONVERSION = YES_AGGRESSIVE;
				CLANG_CXX_LANGUAGE_STANDARD = "gnu++20";
				CLANG_ENABLE_MODULES = YES;
				CLANG_ENABLE_OBJC_ARC = YES;
				CLANG_ENABLE_OBJC_WEAK = YES;
				CLANG_WARN_BLOCK_CAPTURE_AUTORELEASING = YES;
				CLANG_WARN_BOOL_CONVERSION = YES;
				CLANG_WARN_COMMA = YES;
				CLANG_WARN_CONSTANT_CONVERSION = YES;
				CLANG_WARN_DEPRECATED_OBJC_IMPLEMENTATIONS = YES;
				CLANG_WARN_DIRECT_OBJC_ISA_USAGE = YES_ERROR;
				CLANG_WARN_DOCUMENTATION_COMMENTS = YES;
				CLANG_WARN_EMPTY_BODY = YES;
				CLANG_WARN_ENUM_CONVERSION = YES;
				CLANG_WARN_INFINITE_RECURSION = YES;
				CLANG_WARN_INT_CONVERSION = YES;
				CLANG_WARN_NON_LITERAL_NULL_CONVERSION = YES;
				CLANG_WARN_OBJC_IMPLICIT_RETAIN_SELF = YES;
				CLANG_WARN_OBJC_LITERAL_CONVERSION = YES;
				CLANG_WARN_OBJC_ROOT_CLASS = YES_ERROR;
				CLANG_WARN_QUOTED_INCLUDE_IN_FRAMEWORK_HEADER = YES;
				CLANG_WARN_RANGE_LOOP_ANALYSIS = YES;
				CLANG_WARN_STRICT_PROTOTYPES = YES;
				CLANG_WARN_SUSPICIOUS_MOVE = YES;
				CLANG_WARN_UNGUARDED_AVAILABILITY = YES_AGGRESSIVE;
				CLANG_WARN_UNREACHABLE_CODE = YES;
				CLANG_WARN__DUPLICATE_METHOD_MATCH = YES;
				COPY_PHASE_STRIP = NO;
				DEBUG_INFORMATION_FORMAT = dwarf;
				ENABLE_STRICT_OBJC_MSGSEND = YES;
				ENABLE_TESTABILITY = YES;
				GCC_C_LANGUAGE_STANDARD = gnu11;
				GCC_DYNAMIC_NO_PIC = NO;
				GCC_NO_COMMON_BLOCKS = YES;
				GCC_OPTIMIZATION_LEVEL = 0;
				GCC_PREPROCESSOR_DEFINITIONS = (
					"DEBUG=1",
					"$(inherited)",
				);
				GCC_WARN_64_TO_32_BIT_CONVERSION = YES;
				GCC_WARN_ABOUT_RETURN_TYPE = YES_ERROR;
				GCC_WARN_UNDECLARED_SELECTOR = YES;
				GCC_WARN_UNINITIALIZED_AUTOS = YES_AGGRESSIVE;
				GCC_WARN_UNUSED_FUNCTION = YES;
				GCC_WARN_UNUSED_VARIABLE = YES;
				IPHONEOS_DEPLOYMENT_TARGET = 16.2;
				MTL_ENABLE_DEBUG_INFO = INCLUDE_SOURCE;
				MTL_FAST_MATH = YES;
				ONLY_ACTIVE_ARCH = YES;
				SDKROOT = iphoneos;
				SWIFT_ACTIVE_COMPILATION_CONDITIONS = DEBUG;
				SWIFT_OPTIMIZATION_LEVEL = "-Onone";
			};
			name = Debug;
		};
		4BD9BED62A1D600300F06212 /* Release */ = {
			isa = XCBuildConfiguration;
			buildSettings = {
				ALWAYS_SEARCH_USER_PATHS = NO;
				CLANG_ANALYZER_NONNULL = YES;
				CLANG_ANALYZER_NUMBER_OBJECT_CONVERSION = YES_AGGRESSIVE;
				CLANG_CXX_LANGUAGE_STANDARD = "gnu++20";
				CLANG_ENABLE_MODULES = YES;
				CLANG_ENABLE_OBJC_ARC = YES;
				CLANG_ENABLE_OBJC_WEAK = YES;
				CLANG_WARN_BLOCK_CAPTURE_AUTORELEASING = YES;
				CLANG_WARN_BOOL_CONVERSION = YES;
				CLANG_WARN_COMMA = YES;
				CLANG_WARN_CONSTANT_CONVERSION = YES;
				CLANG_WARN_DEPRECATED_OBJC_IMPLEMENTATIONS = YES;
				CLANG_WARN_DIRECT_OBJC_ISA_USAGE = YES_ERROR;
				CLANG_WARN_DOCUMENTATION_COMMENTS = YES;
				CLANG_WARN_EMPTY_BODY = YES;
				CLANG_WARN_ENUM_CONVERSION = YES;
				CLANG_WARN_INFINITE_RECURSION = YES;
				CLANG_WARN_INT_CONVERSION = YES;
				CLANG_WARN_NON_LITERAL_NULL_CONVERSION = YES;
				CLANG_WARN_OBJC_IMPLICIT_RETAIN_SELF = YES;
				CLANG_WARN_OBJC_LITERAL_CONVERSION = YES;
				CLANG_WARN_OBJC_ROOT_CLASS = YES_ERROR;
				CLANG_WARN_QUOTED_INCLUDE_IN_FRAMEWORK_HEADER = YES;
				CLANG_WARN_RANGE_LOOP_ANALYSIS = YES;
				CLANG_WARN_STRICT_PROTOTYPES = YES;
				CLANG_WARN_SUSPICIOUS_MOVE = YES;
				CLANG_WARN_UNGUARDED_AVAILABILITY = YES_AGGRESSIVE;
				CLANG_WARN_UNREACHABLE_CODE = YES;
				CLANG_WARN__DUPLICATE_METHOD_MATCH = YES;
				COPY_PHASE_STRIP = NO;
				DEBUG_INFORMATION_FORMAT = "dwarf-with-dsym";
				ENABLE_NS_ASSERTIONS = NO;
				ENABLE_STRICT_OBJC_MSGSEND = YES;
				GCC_C_LANGUAGE_STANDARD = gnu11;
				GCC_NO_COMMON_BLOCKS = YES;
				GCC_WARN_64_TO_32_BIT_CONVERSION = YES;
				GCC_WARN_ABOUT_RETURN_TYPE = YES_ERROR;
				GCC_WARN_UNDECLARED_SELECTOR = YES;
				GCC_WARN_UNINITIALIZED_AUTOS = YES_AGGRESSIVE;
				GCC_WARN_UNUSED_FUNCTION = YES;
				GCC_WARN_UNUSED_VARIABLE = YES;
				IPHONEOS_DEPLOYMENT_TARGET = 16.2;
				MTL_ENABLE_DEBUG_INFO = NO;
				MTL_FAST_MATH = YES;
				SDKROOT = iphoneos;
				SWIFT_COMPILATION_MODE = wholemodule;
				SWIFT_OPTIMIZATION_LEVEL = "-O";
				VALIDATE_PRODUCT = YES;
			};
			name = Release;
		};
		4BD9BED82A1D600300F06212 /* Debug */ = {
			isa = XCBuildConfiguration;
			buildSettings = {
				ASSETCATALOG_COMPILER_APPICON_NAME = AppIcon;
				ASSETCATALOG_COMPILER_GLOBAL_ACCENT_COLOR_NAME = AccentColor;
				CODE_SIGN_STYLE = Automatic;
				CURRENT_PROJECT_VERSION = 1;
				DEVELOPMENT_TEAM = TMRNPYF52J;
				GENERATE_INFOPLIST_FILE = YES;
				INFOPLIST_FILE = DisneyUIkit/Info.plist;
				INFOPLIST_KEY_LSApplicationCategoryType = "";
				INFOPLIST_KEY_UIApplicationSupportsIndirectInputEvents = YES;
				INFOPLIST_KEY_UILaunchStoryboardName = LaunchScreen;
				INFOPLIST_KEY_UISupportedInterfaceOrientations_iPad = "UIInterfaceOrientationPortrait UIInterfaceOrientationPortraitUpsideDown UIInterfaceOrientationLandscapeLeft UIInterfaceOrientationLandscapeRight";
				INFOPLIST_KEY_UISupportedInterfaceOrientations_iPhone = "UIInterfaceOrientationPortrait UIInterfaceOrientationLandscapeLeft UIInterfaceOrientationLandscapeRight";
				LD_RUNPATH_SEARCH_PATHS = (
					"$(inherited)",
					"@executable_path/Frameworks",
				);
				MARKETING_VERSION = 1.0;
				PRODUCT_BUNDLE_IDENTIFIER = com.ayberkoz.DisneyUIkit;
				PRODUCT_NAME = "$(TARGET_NAME)";
				SWIFT_EMIT_LOC_STRINGS = YES;
				SWIFT_VERSION = 5.0;
				TARGETED_DEVICE_FAMILY = "1,2";
			};
			name = Debug;
		};
		4BD9BED92A1D600300F06212 /* Release */ = {
			isa = XCBuildConfiguration;
			buildSettings = {
				ASSETCATALOG_COMPILER_APPICON_NAME = AppIcon;
				ASSETCATALOG_COMPILER_GLOBAL_ACCENT_COLOR_NAME = AccentColor;
				CODE_SIGN_STYLE = Automatic;
				CURRENT_PROJECT_VERSION = 1;
				DEVELOPMENT_TEAM = TMRNPYF52J;
				GENERATE_INFOPLIST_FILE = YES;
				INFOPLIST_FILE = DisneyUIkit/Info.plist;
				INFOPLIST_KEY_LSApplicationCategoryType = "";
				INFOPLIST_KEY_UIApplicationSupportsIndirectInputEvents = YES;
				INFOPLIST_KEY_UILaunchStoryboardName = LaunchScreen;
				INFOPLIST_KEY_UISupportedInterfaceOrientations_iPad = "UIInterfaceOrientationPortrait UIInterfaceOrientationPortraitUpsideDown UIInterfaceOrientationLandscapeLeft UIInterfaceOrientationLandscapeRight";
				INFOPLIST_KEY_UISupportedInterfaceOrientations_iPhone = "UIInterfaceOrientationPortrait UIInterfaceOrientationLandscapeLeft UIInterfaceOrientationLandscapeRight";
				LD_RUNPATH_SEARCH_PATHS = (
					"$(inherited)",
					"@executable_path/Frameworks",
				);
				MARKETING_VERSION = 1.0;
				PRODUCT_BUNDLE_IDENTIFIER = com.ayberkoz.DisneyUIkit;
				PRODUCT_NAME = "$(TARGET_NAME)";
				SWIFT_EMIT_LOC_STRINGS = YES;
				SWIFT_VERSION = 5.0;
				TARGETED_DEVICE_FAMILY = "1,2";
			};
			name = Release;
		};
/* End XCBuildConfiguration section */

/* Begin XCConfigurationList section */
		4BD9BEBE2A1D600200F06212 /* Build configuration list for PBXProject "DisneyUIkit" */ = {
			isa = XCConfigurationList;
			buildConfigurations = (
				4BD9BED52A1D600300F06212 /* Debug */,
				4BD9BED62A1D600300F06212 /* Release */,
			);
			defaultConfigurationIsVisible = 0;
			defaultConfigurationName = Release;
		};
		4BD9BED72A1D600300F06212 /* Build configuration list for PBXNativeTarget "DisneyUIkit" */ = {
			isa = XCConfigurationList;
			buildConfigurations = (
				4BD9BED82A1D600300F06212 /* Debug */,
				4BD9BED92A1D600300F06212 /* Release */,
			);
			defaultConfigurationIsVisible = 0;
			defaultConfigurationName = Release;
		};
/* End XCConfigurationList section */

/* Begin XCRemoteSwiftPackageReference section */
		4BC0E0DC2A2E746300A67DD4 /* XCRemoteSwiftPackageReference "SDWebImage" */ = {
			isa = XCRemoteSwiftPackageReference;
			repositoryURL = "https://github.com/SDWebImage/SDWebImage.git";
			requirement = {
				kind = upToNextMajorVersion;
				minimumVersion = 5.0.0;
			};
		};
/* End XCRemoteSwiftPackageReference section */

/* Begin XCSwiftPackageProductDependency section */
		4BC0E0DD2A2E746300A67DD4 /* SDWebImage */ = {
			isa = XCSwiftPackageProductDependency;
			package = 4BC0E0DC2A2E746300A67DD4 /* XCRemoteSwiftPackageReference "SDWebImage" */;
			productName = SDWebImage;
		};
/* End XCSwiftPackageProductDependency section */
	};
	rootObject = 4BD9BEBB2A1D600200F06212 /* Project object */;
}
